
Microsoft Visual Studio Solution File, Format Version 12.00
# Visual Studio Version 16
VisualStudioVersion = 16.0.33328.57
MinimumVisualStudioVersion = 10.0.40219.1
Project("{FAE04EC0-301F-11D3-BF4B-00C04F79EFBC}") = "NguyenHaiDang-2011064530", "NguyenHaiDang-2011064530.csproj", "{0FFBBC99-D6A8-447F-AF51-691E08509993}"
EndProject
Global
	GlobalSection(SolutionConfigurationPlatforms) = preSolution
		Debug|Any CPU = Debug|Any CPU
		Release|Any CPU = Release|Any CPU
	EndGlobalSection
	GlobalSection(ProjectConfigurationPlatforms) = postSolution
		{0FFBBC99-D6A8-447F-AF51-691E08509993}.Debug|Any CPU.ActiveCfg = Debug|Any CPU
		{0FFBBC99-D6A8-447F-AF51-691E08509993}.Debug|Any CPU.Build.0 = Debug|Any CPU
		{0FFBBC99-D6A8-447F-AF51-691E08509993}.Release|Any CPU.ActiveCfg = Release|Any CPU
		{0FFBBC99-D6A8-447F-AF51-691E08509993}.Release|Any CPU.Build.0 = Release|Any CPU
	EndGlobalSection
	GlobalSection(SolutionProperties) = preSolution
		HideSolutionNode = FALSE
	EndGlobalSection
	GlobalSection(ExtensibilityGlobals) = postSolution
		SolutionGuid = {EB3C2E52-663B-45FF-ADCF-3FA7719F631A}
	EndGlobalSection
EndGlobal
